
Microsoft Visual Studio Solution File, Format Version 12.00
# Visual Studio Version 17
VisualStudioVersion = 17.13.35828.75
MinimumVisualStudioVersion = 10.0.40219.1
Project("{FAE04EC0-301F-11D3-BF4B-00C04F79EFBC}") = "Odev2", "Odev2\Odev2.csproj", "{ACC873DE-10C2-411E-B53A-A3662D5B52A0}"
EndProject
Project("{2150E333-8FDC-42A3-9474-1A3956D46DE8}") = "Çözüm Öğeleri", "Çözüm Öğeleri", "{AC80F682-3D55-C8F8-4895-A4A9EDD49434}"
EndProject
Global
	GlobalSection(SolutionConfigurationPlatforms) = preSolution
		Debug|Any CPU = Debug|Any CPU
		Release|Any CPU = Release|Any CPU
	EndGlobalSection
	GlobalSection(ProjectConfigurationPlatforms) = postSolution
		{ACC873DE-10C2-411E-B53A-A3662D5B52A0}.Debug|Any CPU.ActiveCfg = Debug|Any CPU
		{ACC873DE-10C2-411E-B53A-A3662D5B52A0}.Debug|Any CPU.Build.0 = Debug|Any CPU
		{ACC873DE-10C2-411E-B53A-A3662D5B52A0}.Debug|Any CPU.Deploy.0 = Debug|Any CPU
		{ACC873DE-10C2-411E-B53A-A3662D5B52A0}.Release|Any CPU.ActiveCfg = Release|Any CPU
		{ACC873DE-10C2-411E-B53A-A3662D5B52A0}.Release|Any CPU.Build.0 = Release|Any CPU
	EndGlobalSection
	GlobalSection(SolutionProperties) = preSolution
		HideSolutionNode = FALSE
	EndGlobalSection
	GlobalSection(ExtensibilityGlobals) = postSolution
		SolutionGuid = {6D1A3AEB-57C9-4C22-947B-9EEAC1ABA898}
	EndGlobalSection
EndGlobal
